
Microsoft Visual Studio Solution File, Format Version 12.00
# Visual Studio Version 16
VisualStudioVersion = 16.0.31624.102
MinimumVisualStudioVersion = 10.0.40219.1
Project("{FAE04EC0-301F-11D3-BF4B-00C04F79EFBC}") = "API1", "API1\API1.csproj", "{40368BA8-45EA-4E33-B0FA-8FEBE9F0F4BF}"
EndProject
Global
	GlobalSection(SolutionConfigurationPlatforms) = preSolution
		Debug|Any CPU = Debug|Any CPU
		Release|Any CPU = Release|Any CPU
	EndGlobalSection
	GlobalSection(ProjectConfigurationPlatforms) = postSolution
		{40368BA8-45EA-4E33-B0FA-8FEBE9F0F4BF}.Debug|Any CPU.ActiveCfg = Debug|Any CPU
		{40368BA8-45EA-4E33-B0FA-8FEBE9F0F4BF}.Debug|Any CPU.Build.0 = Debug|Any CPU
		{40368BA8-45EA-4E33-B0FA-8FEBE9F0F4BF}.Release|Any CPU.ActiveCfg = Release|Any CPU
		{40368BA8-45EA-4E33-B0FA-8FEBE9F0F4BF}.Release|Any CPU.Build.0 = Release|Any CPU
	EndGlobalSection
	GlobalSection(SolutionProperties) = preSolution
		HideSolutionNode = FALSE
	EndGlobalSection
	GlobalSection(ExtensibilityGlobals) = postSolution
		SolutionGuid = {1EAE9763-833B-40A2-988D-4F2E28ABB7D9}
	EndGlobalSection
EndGlobal
